
Microsoft Visual Studio Solution File, Format Version 12.00
# Visual Studio Version 16
VisualStudioVersion = 16.0.31613.86
MinimumVisualStudioVersion = 10.0.40219.1
Project("{9A19103F-16F7-4668-BE54-9A1E7A4F7556}") = "NaturalSelectionLogic", "NaturalSelectionLogic\NaturalSelectionLogic.csproj", "{A0A0F651-36F9-4010-ACEA-43D92D892A2E}"
EndProject
Project("{9A19103F-16F7-4668-BE54-9A1E7A4F7556}") = "BlackWitchEngine", "BlackWitchEngine\BlackWitchEngine.csproj", "{F6382AA7-E9BE-4565-BFDA-520AA46BE228}"
EndProject
Project("{FAE04EC0-301F-11D3-BF4B-00C04F79EFBC}") = "NaturalSelectionUI", "NaturalSelectionUI\NaturalSelectionUI.csproj", "{7BE25142-7D0E-4A56-911E-36622C57DD38}"
EndProject
Global
	GlobalSection(SolutionConfigurationPlatforms) = preSolution
		Debug|Any CPU = Debug|Any CPU
		Release|Any CPU = Release|Any CPU
	EndGlobalSection
	GlobalSection(ProjectConfigurationPlatforms) = postSolution
		{A0A0F651-36F9-4010-ACEA-43D92D892A2E}.Debug|Any CPU.ActiveCfg = Debug|Any CPU
		{A0A0F651-36F9-4010-ACEA-43D92D892A2E}.Debug|Any CPU.Build.0 = Debug|Any CPU
		{A0A0F651-36F9-4010-ACEA-43D92D892A2E}.Release|Any CPU.ActiveCfg = Release|Any CPU
		{A0A0F651-36F9-4010-ACEA-43D92D892A2E}.Release|Any CPU.Build.0 = Release|Any CPU
		{F6382AA7-E9BE-4565-BFDA-520AA46BE228}.Debug|Any CPU.ActiveCfg = Debug|Any CPU
		{F6382AA7-E9BE-4565-BFDA-520AA46BE228}.Debug|Any CPU.Build.0 = Debug|Any CPU
		{F6382AA7-E9BE-4565-BFDA-520AA46BE228}.Release|Any CPU.ActiveCfg = Release|Any CPU
		{F6382AA7-E9BE-4565-BFDA-520AA46BE228}.Release|Any CPU.Build.0 = Release|Any CPU
		{7BE25142-7D0E-4A56-911E-36622C57DD38}.Debug|Any CPU.ActiveCfg = Debug|Any CPU
		{7BE25142-7D0E-4A56-911E-36622C57DD38}.Debug|Any CPU.Build.0 = Debug|Any CPU
		{7BE25142-7D0E-4A56-911E-36622C57DD38}.Release|Any CPU.ActiveCfg = Release|Any CPU
		{7BE25142-7D0E-4A56-911E-36622C57DD38}.Release|Any CPU.Build.0 = Release|Any CPU
	EndGlobalSection
	GlobalSection(SolutionProperties) = preSolution
		HideSolutionNode = FALSE
	EndGlobalSection
	GlobalSection(ExtensibilityGlobals) = postSolution
		SolutionGuid = {84DC502C-5896-43DC-BD3C-7E61B3B340CC}
	EndGlobalSection
EndGlobal
